// !$*UTF8*$!
{
	archiveVersion = 1;
	classes = {
	};
	objectVersion = 46;
	objects = {

/* Begin PBXBuildFile section */
		FC09909B1B7B993B00708EB2 /* main.m in Sources */ = {isa = PBXBuildFile; fileRef = FC09909A1B7B993B00708EB2 /* main.m */; };
		FC09909E1B7B993B00708EB2 /* AppDelegate.m in Sources */ = {isa = PBXBuildFile; fileRef = FC09909D1B7B993B00708EB2 /* AppDelegate.m */; };
		FC0990A61B7B993B00708EB2 /* Images.xcassets in Resources */ = {isa = PBXBuildFile; fileRef = FC0990A51B7B993B00708EB2 /* Images.xcassets */; };
		FC0990A91B7B993B00708EB2 /* LaunchScreen.xib in Resources */ = {isa = PBXBuildFile; fileRef = FC0990A71B7B993B00708EB2 /* LaunchScreen.xib */; };
		FC0990B51B7B993B00708EB2 /* _qq__pop__Tests.m in Sources */ = {isa = PBXBuildFile; fileRef = FC0990B41B7B993B00708EB2 /* _qq__pop__Tests.m */; };
		FC0990C41B7B996900708EB2 /* BasicNavigationController.m in Sources */ = {isa = PBXBuildFile; fileRef = FC0990BF1B7B996900708EB2 /* BasicNavigationController.m */; };
		FC0990C51B7B996900708EB2 /* DetailsViewController.m in Sources */ = {isa = PBXBuildFile; fileRef = FC0990C11B7B996900708EB2 /* DetailsViewController.m */; };
		FC0990C61B7B996900708EB2 /* HomePageViewController.m in Sources */ = {isa = PBXBuildFile; fileRef = FC0990C31B7B996900708EB2 /* HomePageViewController.m */; };
/* End PBXBuildFile section */

/* Begin PBXContainerItemProxy section */
		FC0990AF1B7B993B00708EB2 /* PBXContainerItemProxy */ = {
			isa = PBXContainerItemProxy;
			containerPortal = FC09908D1B7B993B00708EB2 /* Project object */;
			proxyType = 1;
			remoteGlobalIDString = FC0990941B7B993B00708EB2;
			remoteInfo = "仿qq侧滑pop视图";
		};
/* End PBXContainerItemProxy section */

/* Begin PBXFileReference section */
		FC0990951B7B993B00708EB2 /* 仿qq侧滑pop视图.app */ = {isa = PBXFileReference; explicitFileType = wrapper.application; includeInIndex = 0; path = "仿qq侧滑pop视图.app"; sourceTree = BUILT_PRODUCTS_DIR; };
		FC0990991B7B993B00708EB2 /* Info.plist */ = {isa = PBXFileReference; lastKnownFileType = text.plist.xml; path = Info.plist; sourceTree = "<group>"; };
		FC09909A1B7B993B00708EB2 /* main.m */ = {isa = PBXFileReference; lastKnownFileType = sourcecode.c.objc; path = main.m; sourceTree = "<group>"; };
		FC09909C1B7B993B00708EB2 /* AppDelegate.h */ = {isa = PBXFileReference; lastKnownFileType = sourcecode.c.h; path = AppDelegate.h; sourceTree = "<group>"; };
		FC09909D1B7B993B00708EB2 /* AppDelegate.m */ = {isa = PBXFileReference; lastKnownFileType = sourcecode.c.objc; path = AppDelegate.m; sourceTree = "<group>"; };
		FC0990A51B7B993B00708EB2 /* Images.xcassets */ = {isa = PBXFileReference; lastKnownFileType = folder.assetcatalog; path = Images.xcassets; sourceTree = "<group>"; };
		FC0990A81B7B993B00708EB2 /* Base */ = {isa = PBXFileReference; lastKnownFileType = file.xib; name = Base; path = Base.lproj/LaunchScreen.xib; sourceTree = "<group>"; };
		FC0990AE1B7B993B00708EB2 /* 仿qq侧滑pop视图Tests.xctest */ = {isa = PBXFileReference; explicitFileType = wrapper.cfbundle; includeInIndex = 0; path = "仿qq侧滑pop视图Tests.xctest"; sourceTree = BUILT_PRODUCTS_DIR; };
		FC0990B31B7B993B00708EB2 /* Info.plist */ = {isa = PBXFileReference; lastKnownFileType = text.plist.xml; path = Info.plist; sourceTree = "<group>"; };
		FC0990B41B7B993B00708EB2 /* _qq__pop__Tests.m */ = {isa = PBXFileReference; lastKnownFileType = sourcecode.c.objc; path = _qq__pop__Tests.m; sourceTree = "<group>"; };
		FC0990BE1B7B996900708EB2 /* BasicNavigationController.h */ = {isa = PBXFileReference; fileEncoding = 4; lastKnownFileType = sourcecode.c.h; path = BasicNavigationController.h; sourceTree = "<group>"; };
		FC0990BF1B7B996900708EB2 /* BasicNavigationController.m */ = {isa = PBXFileReference; fileEncoding = 4; lastKnownFileType = sourcecode.c.objc; path = BasicNavigationController.m; sourceTree = "<group>"; };
		FC0990C01B7B996900708EB2 /* DetailsViewController.h */ = {isa = PBXFileReference; fileEncoding = 4; lastKnownFileType = sourcecode.c.h; path = DetailsViewController.h; sourceTree = "<group>"; };
		FC0990C11B7B996900708EB2 /* DetailsViewController.m */ = {isa = PBXFileReference; fileEncoding = 4; lastKnownFileType = sourcecode.c.objc; path = DetailsViewController.m; sourceTree = "<group>"; };
		FC0990C21B7B996900708EB2 /* HomePageViewController.h */ = {isa = PBXFileReference; fileEncoding = 4; lastKnownFileType = sourcecode.c.h; path = HomePageViewController.h; sourceTree = "<group>"; };
		FC0990C31B7B996900708EB2 /* HomePageViewController.m */ = {isa = PBXFileReference; fileEncoding = 4; lastKnownFileType = sourcecode.c.objc; path = HomePageViewController.m; sourceTree = "<group>"; };
/* End PBXFileReference section */

/* Begin PBXFrameworksBuildPhase section */
		FC0990921B7B993B00708EB2 /* Frameworks */ = {
			isa = PBXFrameworksBuildPhase;
			buildActionMask = 2147483647;
			files = (
			);
			runOnlyForDeploymentPostprocessing = 0;
		};
		FC0990AB1B7B993B00708EB2 /* Frameworks */ = {
			isa = PBXFrameworksBuildPhase;
			buildActionMask = 2147483647;
			files = (
			);
			runOnlyForDeploymentPostprocessing = 0;
		};
/* End PBXFrameworksBuildPhase section */

/* Begin PBXGroup section */
		FC09908C1B7B993B00708EB2 = {
			isa = PBXGroup;
			children = (
				FC0990971B7B993B00708EB2 /* 仿qq侧滑pop视图 */,
				FC0990B11B7B993B00708EB2 /* 仿qq侧滑pop视图Tests */,
				FC0990961B7B993B00708EB2 /* Products */,
			);
			sourceTree = "<group>";
		};
		FC0990961B7B993B00708EB2 /* Products */ = {
			isa = PBXGroup;
			children = (
				FC0990951B7B993B00708EB2 /* 仿qq侧滑pop视图.app */,
				FC0990AE1B7B993B00708EB2 /* 仿qq侧滑pop视图Tests.xctest */,
			);
			name = Products;
			sourceTree = "<group>";
		};
		FC0990971B7B993B00708EB2 /* 仿qq侧滑pop视图 */ = {
			isa = PBXGroup;
			children = (
				FC09909C1B7B993B00708EB2 /* AppDelegate.h */,
				FC09909D1B7B993B00708EB2 /* AppDelegate.m */,
				FC0990BE1B7B996900708EB2 /* BasicNavigationController.h */,
				FC0990BF1B7B996900708EB2 /* BasicNavigationController.m */,
				FC0990C01B7B996900708EB2 /* DetailsViewController.h */,
				FC0990C11B7B996900708EB2 /* DetailsViewController.m */,
				FC0990C21B7B996900708EB2 /* HomePageViewController.h */,
				FC0990C31B7B996900708EB2 /* HomePageViewController.m */,
				FC0990A51B7B993B00708EB2 /* Images.xcassets */,
				FC0990A71B7B993B00708EB2 /* LaunchScreen.xib */,
				FC0990981B7B993B00708EB2 /* Supporting Files */,
			);
			path = "仿qq侧滑pop视图";
			sourceTree = "<group>";
		};
		FC0990981B7B993B00708EB2 /* Supporting Files */ = {
			isa = PBXGroup;
			children = (
				FC0990991B7B993B00708EB2 /* Info.plist */,
				FC09909A1B7B993B00708EB2 /* main.m */,
			);
			name = "Supporting Files";
			sourceTree = "<group>";
		};
		FC0990B11B7B993B00708EB2 /* 仿qq侧滑pop视图Tests */ = {
			isa = PBXGroup;
			children = (
				FC0990B41B7B993B00708EB2 /* _qq__pop__Tests.m */,
				FC0990B21B7B993B00708EB2 /* Supporting Files */,
			);
			path = "仿qq侧滑pop视图Tests";
			sourceTree = "<group>";
		};
		FC0990B21B7B993B00708EB2 /* Supporting Files */ = {
			isa = PBXGroup;
			children = (
				FC0990B31B7B993B00708EB2 /* Info.plist */,
			);
			name = "Supporting Files";
			sourceTree = "<group>";
		};
/* End PBXGroup section */

/* Begin PBXNativeTarget section */
		FC0990941B7B993B00708EB2 /* 仿qq侧滑pop视图 */ = {
			isa = PBXNativeTarget;
			buildConfigurationList = FC0990B81B7B993B00708EB2 /* Build configuration list for PBXNativeTarget "仿qq侧滑pop视图" */;
			buildPhases = (
				FC0990911B7B993B00708EB2 /* Sources */,
				FC0990921B7B993B00708EB2 /* Frameworks */,
				FC0990931B7B993B00708EB2 /* Resources */,
			);
			buildRules = (
			);
			dependencies = (
			);
			name = "仿qq侧滑pop视图";
			productName = "仿qq侧滑pop视图";
			productReference = FC0990951B7B993B00708EB2 /* 仿qq侧滑pop视图.app */;
			productType = "com.apple.product-type.application";
		};
		FC0990AD1B7B993B00708EB2 /* 仿qq侧滑pop视图Tests */ = {
			isa = PBXNativeTarget;
			buildConfigurationList = FC0990BB1B7B993B00708EB2 /* Build configuration list for PBXNativeTarget "仿qq侧滑pop视图Tests" */;
			buildPhases = (
				FC0990AA1B7B993B00708EB2 /* Sources */,
				FC0990AB1B7B993B00708EB2 /* Frameworks */,
				FC0990AC1B7B993B00708EB2 /* Resources */,
			);
			buildRules = (
			);
			dependencies = (
				FC0990B01B7B993B00708EB2 /* PBXTargetDependency */,
			);
			name = "仿qq侧滑pop视图Tests";
			productName = "仿qq侧滑pop视图Tests";
			productReference = FC0990AE1B7B993B00708EB2 /* 仿qq侧滑pop视图Tests.xctest */;
			productType = "com.apple.product-type.bundle.unit-test";
		};
/* End PBXNativeTarget section */

/* Begin PBXProject section */
		FC09908D1B7B993B00708EB2 /* Project object */ = {
			isa = PBXProject;
			attributes = {
				LastUpgradeCheck = 0700;
				ORGANIZATIONNAME = "MAC-yanghua";
				TargetAttributes = {
					FC0990941B7B993B00708EB2 = {
						CreatedOnToolsVersion = 6.4;
					};
					FC0990AD1B7B993B00708EB2 = {
						CreatedOnToolsVersion = 6.4;
						TestTargetID = FC0990941B7B993B00708EB2;
					};
				};
			};
			buildConfigurationList = FC0990901B7B993B00708EB2 /* Build configuration list for PBXProject "仿qq侧滑pop视图" */;
			compatibilityVersion = "Xcode 3.2";
			developmentRegion = English;
			hasScannedForEncodings = 0;
			knownRegions = (
				en,
				Base,
			);
			mainGroup = FC09908C1B7B993B00708EB2;
			productRefGroup = FC0990961B7B993B00708EB2 /* Products */;
			projectDirPath = "";
			projectRoot = "";
			targets = (
				FC0990941B7B993B00708EB2 /* 仿qq侧滑pop视图 */,
				FC0990AD1B7B993B00708EB2 /* 仿qq侧滑pop视图Tests */,
			);
		};
/* End PBXProject section */

/* Begin PBXResourcesBuildPhase section */
		FC0990931B7B993B00708EB2 /* Resources */ = {
			isa = PBXResourcesBuildPhase;
			buildActionMask = 2147483647;
			files = (
				FC0990A91B7B993B00708EB2 /* LaunchScreen.xib in Resources */,
				FC0990A61B7B993B00708EB2 /* Images.xcassets in Resources */,
			);
			runOnlyForDeploymentPostprocessing = 0;
		};
		FC0990AC1B7B993B00708EB2 /* Resources */ = {
			isa = PBXResourcesBuildPhase;
			buildActionMask = 2147483647;
			files = (
			);
			runOnlyForDeploymentPostprocessing = 0;
		};
/* End PBXResourcesBuildPhase section */

/* Begin PBXSourcesBuildPhase section */
		FC0990911B7B993B00708EB2 /* Sources */ = {
			isa = PBXSourcesBuildPhase;
			buildActionMask = 2147483647;
			files = (
				FC0990C41B7B996900708EB2 /* BasicNavigationController.m in Sources */,
				FC0990C51B7B996900708EB2 /* DetailsViewController.m in Sources */,
				FC0990C61B7B996900708EB2 /* HomePageViewController.m in Sources */,
				FC09909E1B7B993B00708EB2 /* AppDelegate.m in Sources */,
				FC09909B1B7B993B00708EB2 /* main.m in Sources */,
			);
			runOnlyForDeploymentPostprocessing = 0;
		};
		FC0990AA1B7B993B00708EB2 /* Sources */ = {
			isa = PBXSourcesBuildPhase;
			buildActionMask = 2147483647;
			files = (
				FC0990B51B7B993B00708EB2 /* _qq__pop__Tests.m in Sources */,
			);
			runOnlyForDeploymentPostprocessing = 0;
		};
/* End PBXSourcesBuildPhase section */

/* Begin PBXTargetDependency section */
		FC0990B01B7B993B00708EB2 /* PBXTargetDependency */ = {
			isa = PBXTargetDependency;
			target = FC0990941B7B993B00708EB2 /* 仿qq侧滑pop视图 */;
			targetProxy = FC0990AF1B7B993B00708EB2 /* PBXContainerItemProxy */;
		};
/* End PBXTargetDependency section */

/* Begin PBXVariantGroup section */
		FC0990A71B7B993B00708EB2 /* LaunchScreen.xib */ = {
			isa = PBXVariantGroup;
			children = (
				FC0990A81B7B993B00708EB2 /* Base */,
			);
			name = LaunchScreen.xib;
			sourceTree = "<group>";
		};
/* End PBXVariantGroup section */

/* Begin XCBuildConfiguration section */
		FC0990B61B7B993B00708EB2 /* Debug */ = {
			isa = XCBuildConfiguration;
			buildSettings = {
				ALWAYS_SEARCH_USER_PATHS = NO;
				CLANG_CXX_LANGUAGE_STANDARD = "gnu++0x";
				CLANG_CXX_LIBRARY = "libc++";
				CLANG_ENABLE_MODULES = YES;
				CLANG_ENABLE_OBJC_ARC = YES;
				CLANG_WARN_BOOL_CONVERSION = YES;
				CLANG_WARN_CONSTANT_CONVERSION = YES;
				CLANG_WARN_DIRECT_OBJC_ISA_USAGE = YES_ERROR;
				CLANG_WARN_EMPTY_BODY = YES;
				CLANG_WARN_ENUM_CONVERSION = YES;
				CLANG_WARN_INT_CONVERSION = YES;
				CLANG_WARN_OBJC_ROOT_CLASS = YES_ERROR;
				CLANG_WARN_UNREACHABLE_CODE = YES;
				CLANG_WARN__DUPLICATE_METHOD_MATCH = YES;
				"CODE_SIGN_IDENTITY[sdk=iphoneos*]" = "iPhone Developer";
				COPY_PHASE_STRIP = NO;
				DEBUG_INFORMATION_FORMAT = "dwarf-with-dsym";
				ENABLE_STRICT_OBJC_MSGSEND = YES;
				ENABLE_TESTABILITY = YES;
				GCC_C_LANGUAGE_STANDARD = gnu99;
				GCC_DYNAMIC_NO_PIC = NO;
				GCC_NO_COMMON_BLOCKS = YES;
				GCC_OPTIMIZATION_LEVEL = 0;
				GCC_PREPROCESSOR_DEFINITIONS = (
					"DEBUG=1",
					"$(inherited)",
				);
				GCC_SYMBOLS_PRIVATE_EXTERN = NO;
				GCC_WARN_64_TO_32_BIT_CONVERSION = YES;
				GCC_WARN_ABOUT_RETURN_TYPE = YES_ERROR;
				GCC_WARN_UNDECLARED_SELECTOR = YES;
				GCC_WARN_UNINITIALIZED_AUTOS = YES_AGGRESSIVE;
				GCC_WARN_UNUSED_FUNCTION = YES;
				GCC_WARN_UNUSED_VARIABLE = YES;
				IPHONEOS_DEPLOYMENT_TARGET = 8.4;
				MTL_ENABLE_DEBUG_INFO = YES;
				ONLY_ACTIVE_ARCH = YES;
				SDKROOT = iphoneos;
			};
			name = Debug;
		};
		FC0990B71B7B993B00708EB2 /* Release */ = {
			isa = XCBuildConfiguration;
			buildSettings = {
				ALWAYS_SEARCH_USER_PATHS = NO;
				CLANG_CXX_LANGUAGE_STANDARD = "gnu++0x";
				CLANG_CXX_LIBRARY = "libc++";
				CLANG_ENABLE_MODULES = YES;
				CLANG_ENABLE_OBJC_ARC = YES;
				CLANG_WARN_BOOL_CONVERSION = YES;
				CLANG_WARN_CONSTANT_CONVERSION = YES;
				CLANG_WARN_DIRECT_OBJC_ISA_USAGE = YES_ERROR;
				CLANG_WARN_EMPTY_BODY = YES;
				CLANG_WARN_ENUM_CONVERSION = YES;
				CLANG_WARN_INT_CONVERSION = YES;
				CLANG_WARN_OBJC_ROOT_CLASS = YES_ERROR;
				CLANG_WARN_UNREACHABLE_CODE = YES;
				CLANG_WARN__DUPLICATE_METHOD_MATCH = YES;
				"CODE_SIGN_IDENTITY[sdk=iphoneos*]" = "iPhone Developer";
				COPY_PHASE_STRIP = NO;
				DEBUG_INFORMATION_FORMAT = "dwarf-with-dsym";
				ENABLE_NS_ASSERTIONS = NO;
				ENABLE_STRICT_OBJC_MSGSEND = YES;
				GCC_C_LANGUAGE_STANDARD = gnu99;
				GCC_NO_COMMON_BLOCKS = YES;
				GCC_WARN_64_TO_32_BIT_CONVERSION = YES;
				GCC_WARN_ABOUT_RETURN_TYPE = YES_ERROR;
				GCC_WARN_UNDECLARED_SELECTOR = YES;
				GCC_WARN_UNINITIALIZED_AUTOS = YES_AGGRESSIVE;
				GCC_WARN_UNUSED_FUNCTION = YES;
				GCC_WARN_UNUSED_VARIABLE = YES;
				IPHONEOS_DEPLOYMENT_TARGET = 8.4;
				MTL_ENABLE_DEBUG_INFO = NO;
				SDKROOT = iphoneos;
				VALIDATE_PRODUCT = YES;
			};
			name = Release;
		};
		FC0990B91B7B993B00708EB2 /* Debug */ = {
			isa = XCBuildConfiguration;
			buildSettings = {
				ASSETCATALOG_COMPILER_APPICON_NAME = AppIcon;
				INFOPLIST_FILE = "仿qq侧滑pop视图/Info.plist";
				LD_RUNPATH_SEARCH_PATHS = "$(inherited) @executable_path/Frameworks";
				PRODUCT_BUNDLE_IDENTIFIER = "yh.$(PRODUCT_NAME:rfc1034identifier)";
				PRODUCT_NAME = "$(TARGET_NAME)";
			};
			name = Debug;
		};
		FC0990BA1B7B993B00708EB2 /* Release */ = {
			isa = XCBuildConfiguration;
			buildSettings = {
				ASSETCATALOG_COMPILER_APPICON_NAME = AppIcon;
				INFOPLIST_FILE = "仿qq侧滑pop视图/Info.plist";
				LD_RUNPATH_SEARCH_PATHS = "$(inherited) @executable_path/Frameworks";
				PRODUCT_BUNDLE_IDENTIFIER = "yh.$(PRODUCT_NAME:rfc1034identifier)";
				PRODUCT_NAME = "$(TARGET_NAME)";
			};
			name = Release;
		};
		FC0990BC1B7B993B00708EB2 /* Debug */ = {
			isa = XCBuildConfiguration;
			buildSettings = {
				BUNDLE_LOADER = "$(TEST_HOST)";
				FRAMEWORK_SEARCH_PATHS = (
					"$(SDKROOT)/Developer/Library/Frameworks",
					"$(inherited)",
				);
				GCC_PREPROCESSOR_DEFINITIONS = (
					"DEBUG=1",
					"$(inherited)",
				);
				INFOPLIST_FILE = "仿qq侧滑pop视图Tests/Info.plist";
				LD_RUNPATH_SEARCH_PATHS = "$(inherited) @executable_path/Frameworks @loader_path/Frameworks";
				PRODUCT_BUNDLE_IDENTIFIER = "yh.$(PRODUCT_NAME:rfc1034identifier)";
				PRODUCT_NAME = "$(TARGET_NAME)";
				TEST_HOST = "$(BUILT_PRODUCTS_DIR)/仿qq侧滑pop视图.app/仿qq侧滑pop视图";
			};
			name = Debug;
		};
		FC0990BD1B7B993B00708EB2 /* Release */ = {
			isa = XCBuildConfiguration;
			buildSettings = {
				BUNDLE_LOADER = "$(TEST_HOST)";
				FRAMEWORK_SEARCH_PATHS = (
					"$(SDKROOT)/Developer/Library/Frameworks",
					"$(inherited)",
				);
				INFOPLIST_FILE = "仿qq侧滑pop视图Tests/Info.plist";
				LD_RUNPATH_SEARCH_PATHS = "$(inherited) @executable_path/Frameworks @loader_path/Frameworks";
				PRODUCT_BUNDLE_IDENTIFIER = "yh.$(PRODUCT_NAME:rfc1034identifier)";
				PRODUCT_NAME = "$(TARGET_NAME)";
				TEST_HOST = "$(BUILT_PRODUCTS_DIR)/仿qq侧滑pop视图.app/仿qq侧滑pop视图";
			};
			name = Release;
		};
/* End XCBuildConfiguration section */

/* Begin XCConfigurationList section */
		FC0990901B7B993B00708EB2 /* Build configuration list for PBXProject "仿qq侧滑pop视图" */ = {
			isa = XCConfigurationList;
			buildConfigurations = (
				FC0990B61B7B993B00708EB2 /* Debug */,
				FC0990B71B7B993B00708EB2 /* Release */,
			);
			defaultConfigurationIsVisible = 0;
			defaultConfigurationName = Release;
		};
		FC0990B81B7B993B00708EB2 /* Build configuration list for PBXNativeTarget "仿qq侧滑pop视图" */ = {
			isa = XCConfigurationList;
			buildConfigurations = (
				FC0990B91B7B993B00708EB2 /* Debug */,
				FC0990BA1B7B993B00708EB2 /* Release */,
			);
			defaultConfigurationIsVisible = 0;
			defaultConfigurationName = Release;
		};
		FC0990BB1B7B993B00708EB2 /* Build configuration list for PBXNativeTarget "仿qq侧滑pop视图Tests" */ = {
			isa = XCConfigurationList;
			buildConfigurations = (
				FC0990BC1B7B993B00708EB2 /* Debug */,
				FC0990BD1B7B993B00708EB2 /* Release */,
			);
			defaultConfigurationIsVisible = 0;
			defaultConfigurationName = Release;
		};
/* End XCConfigurationList section */
	};
	rootObject = FC09908D1B7B993B00708EB2 /* Project object */;
}
